
Microsoft Visual Studio Solution File, Format Version 12.00
# Visual Studio Version 17
VisualStudioVersion = 17.0.31912.275
MinimumVisualStudioVersion = 10.0.40219.1
Project("{2150E333-8FDC-42A3-9474-1A3956D46DE8}") = "src", "src", "{E4CDCEC4-0C05-43E7-87D8-2CA81459F2D5}"
EndProject
Project("{FAE04EC0-301F-11D3-BF4B-00C04F79EFBC}") = "Dumpper", "Dumpper\Dumpper.csproj", "{56DF6301-4ABE-43DA-A6C3-7BF1C2F824EF}"
EndProject
Global
	GlobalSection(SolutionConfigurationPlatforms) = preSolution
		Debug|Any CPU = Debug|Any CPU
		Release|Any CPU = Release|Any CPU
	EndGlobalSection
	GlobalSection(ProjectConfigurationPlatforms) = postSolution
		{56DF6301-4ABE-43DA-A6C3-7BF1C2F824EF}.Debug|Any CPU.ActiveCfg = Debug|Any CPU
		{56DF6301-4ABE-43DA-A6C3-7BF1C2F824EF}.Debug|Any CPU.Build.0 = Debug|Any CPU
		{56DF6301-4ABE-43DA-A6C3-7BF1C2F824EF}.Release|Any CPU.ActiveCfg = Release|Any CPU
		{56DF6301-4ABE-43DA-A6C3-7BF1C2F824EF}.Release|Any CPU.Build.0 = Release|Any CPU
	EndGlobalSection
	GlobalSection(SolutionProperties) = preSolution
		HideSolutionNode = FALSE
	EndGlobalSection
	GlobalSection(NestedProjects) = preSolution
		{56DF6301-4ABE-43DA-A6C3-7BF1C2F824EF} = {E4CDCEC4-0C05-43E7-87D8-2CA81459F2D5}
	EndGlobalSection
	GlobalSection(ExtensibilityGlobals) = postSolution
		SolutionGuid = {2E1147F5-9250-4802-A762-F51E9F022A4B}
	EndGlobalSection
EndGlobal
